// !$*UTF8*$!
{
	archiveVersion = 1;
	classes = {
	};
	objectVersion = 51;
	objects = {

/* Begin PBXBuildFile section */
		B561F25826576EEA002DA3A7 /* AppDelegate.m in Sources */ = {isa = PBXBuildFile; fileRef = B561F25726576EEA002DA3A7 /* AppDelegate.m */; };
		B561F26326576EED002DA3A7 /* Assets.xcassets in Resources */ = {isa = PBXBuildFile; fileRef = B561F26226576EED002DA3A7 /* Assets.xcassets */; };
		B561F26626576EED002DA3A7 /* LaunchScreen.storyboard in Resources */ = {isa = PBXBuildFile; fileRef = B561F26426576EED002DA3A7 /* LaunchScreen.storyboard */; };
		B561F26926576EED002DA3A7 /* main.m in Sources */ = {isa = PBXBuildFile; fileRef = B561F26826576EED002DA3A7 /* main.m */; };
		B561F27326576EED002DA3A7 /* KkChatTests.m in Sources */ = {isa = PBXBuildFile; fileRef = B561F27226576EED002DA3A7 /* KkChatTests.m */; };
		B561F27E26576EED002DA3A7 /* KkChatUITests.m in Sources */ = {isa = PBXBuildFile; fileRef = B561F27D26576EED002DA3A7 /* KkChatUITests.m */; };
		B561F2BE26577B37002DA3A7 /* KKDefaultViewController.m in Sources */ = {isa = PBXBuildFile; fileRef = B561F2BD26577B37002DA3A7 /* KKDefaultViewController.m */; };
		B561F2D326577C36002DA3A7 /* KKChatViewController.m in Sources */ = {isa = PBXBuildFile; fileRef = B561F2D226577C36002DA3A7 /* KKChatViewController.m */; };
		B561F2D926577C5B002DA3A7 /* KKAddressBookViewController.m in Sources */ = {isa = PBXBuildFile; fileRef = B561F2D826577C5B002DA3A7 /* KKAddressBookViewController.m */; };
		B561F2DF26577C8E002DA3A7 /* KKCircleFriendViewController.m in Sources */ = {isa = PBXBuildFile; fileRef = B561F2DE26577C8E002DA3A7 /* KKCircleFriendViewController.m */; };
		B561F2E526577CC2002DA3A7 /* KKMineViewController.m in Sources */ = {isa = PBXBuildFile; fileRef = B561F2E426577CC2002DA3A7 /* KKMineViewController.m */; };
		BD5E614EBBC920A7CB77C622 /* Pods_KkChat.framework in Frameworks */ = {isa = PBXBuildFile; fileRef = 1C4C52FC0E00E7A83D547B21 /* Pods_KkChat.framework */; };
/* End PBXBuildFile section */

/* Begin PBXContainerItemProxy section */
		B561F26F26576EED002DA3A7 /* PBXContainerItemProxy */ = {
			isa = PBXContainerItemProxy;
			containerPortal = B561F24B26576EEA002DA3A7 /* Project object */;
			proxyType = 1;
			remoteGlobalIDString = B561F25226576EEA002DA3A7;
			remoteInfo = KkChat;
		};
		B561F27A26576EED002DA3A7 /* PBXContainerItemProxy */ = {
			isa = PBXContainerItemProxy;
			containerPortal = B561F24B26576EEA002DA3A7 /* Project object */;
			proxyType = 1;
			remoteGlobalIDString = B561F25226576EEA002DA3A7;
			remoteInfo = KkChat;
		};
/* End PBXContainerItemProxy section */

/* Begin PBXFileReference section */
		1C4C52FC0E00E7A83D547B21 /* Pods_KkChat.framework */ = {isa = PBXFileReference; explicitFileType = wrapper.framework; includeInIndex = 0; path = Pods_KkChat.framework; sourceTree = BUILT_PRODUCTS_DIR; };
		A3996A675EBBFC0B470C1A0E /* Pods-KkChat.release.xcconfig */ = {isa = PBXFileReference; includeInIndex = 1; lastKnownFileType = text.xcconfig; name = "Pods-KkChat.release.xcconfig"; path = "Target Support Files/Pods-KkChat/Pods-KkChat.release.xcconfig"; sourceTree = "<group>"; };
		B561F25326576EEA002DA3A7 /* KkChat.app */ = {isa = PBXFileReference; explicitFileType = wrapper.application; includeInIndex = 0; path = KkChat.app; sourceTree = BUILT_PRODUCTS_DIR; };
		B561F25626576EEA002DA3A7 /* AppDelegate.h */ = {isa = PBXFileReference; lastKnownFileType = sourcecode.c.h; path = AppDelegate.h; sourceTree = "<group>"; };
		B561F25726576EEA002DA3A7 /* AppDelegate.m */ = {isa = PBXFileReference; lastKnownFileType = sourcecode.c.objc; path = AppDelegate.m; sourceTree = "<group>"; };
		B561F26226576EED002DA3A7 /* Assets.xcassets */ = {isa = PBXFileReference; lastKnownFileType = folder.assetcatalog; path = Assets.xcassets; sourceTree = "<group>"; };
		B561F26526576EED002DA3A7 /* Base */ = {isa = PBXFileReference; lastKnownFileType = file.storyboard; name = Base; path = Base.lproj/LaunchScreen.storyboard; sourceTree = "<group>"; };
		B561F26726576EED002DA3A7 /* Info.plist */ = {isa = PBXFileReference; lastKnownFileType = text.plist.xml; path = Info.plist; sourceTree = "<group>"; };
		B561F26826576EED002DA3A7 /* main.m */ = {isa = PBXFileReference; lastKnownFileType = sourcecode.c.objc; path = main.m; sourceTree = "<group>"; };
		B561F26E26576EED002DA3A7 /* KkChatTests.xctest */ = {isa = PBXFileReference; explicitFileType = wrapper.cfbundle; includeInIndex = 0; path = KkChatTests.xctest; sourceTree = BUILT_PRODUCTS_DIR; };
		B561F27226576EED002DA3A7 /* KkChatTests.m */ = {isa = PBXFileReference; lastKnownFileType = sourcecode.c.objc; path = KkChatTests.m; sourceTree = "<group>"; };
		B561F27426576EED002DA3A7 /* Info.plist */ = {isa = PBXFileReference; lastKnownFileType = text.plist.xml; path = Info.plist; sourceTree = "<group>"; };
		B561F27926576EED002DA3A7 /* KkChatUITests.xctest */ = {isa = PBXFileReference; explicitFileType = wrapper.cfbundle; includeInIndex = 0; path = KkChatUITests.xctest; sourceTree = BUILT_PRODUCTS_DIR; };
		B561F27D26576EED002DA3A7 /* KkChatUITests.m */ = {isa = PBXFileReference; lastKnownFileType = sourcecode.c.objc; path = KkChatUITests.m; sourceTree = "<group>"; };
		B561F27F26576EED002DA3A7 /* Info.plist */ = {isa = PBXFileReference; lastKnownFileType = text.plist.xml; path = Info.plist; sourceTree = "<group>"; };
		B561F2BC26577B37002DA3A7 /* KKDefaultViewController.h */ = {isa = PBXFileReference; lastKnownFileType = sourcecode.c.h; path = KKDefaultViewController.h; sourceTree = "<group>"; };
		B561F2BD26577B37002DA3A7 /* KKDefaultViewController.m */ = {isa = PBXFileReference; lastKnownFileType = sourcecode.c.objc; path = KKDefaultViewController.m; sourceTree = "<group>"; };
		B561F2D126577C36002DA3A7 /* KKChatViewController.h */ = {isa = PBXFileReference; lastKnownFileType = sourcecode.c.h; path = KKChatViewController.h; sourceTree = "<group>"; };
		B561F2D226577C36002DA3A7 /* KKChatViewController.m */ = {isa = PBXFileReference; lastKnownFileType = sourcecode.c.objc; path = KKChatViewController.m; sourceTree = "<group>"; };
		B561F2D726577C5B002DA3A7 /* KKAddressBookViewController.h */ = {isa = PBXFileReference; lastKnownFileType = sourcecode.c.h; path = KKAddressBookViewController.h; sourceTree = "<group>"; };
		B561F2D826577C5B002DA3A7 /* KKAddressBookViewController.m */ = {isa = PBXFileReference; lastKnownFileType = sourcecode.c.objc; path = KKAddressBookViewController.m; sourceTree = "<group>"; };
		B561F2DD26577C8E002DA3A7 /* KKCircleFriendViewController.h */ = {isa = PBXFileReference; lastKnownFileType = sourcecode.c.h; path = KKCircleFriendViewController.h; sourceTree = "<group>"; };
		B561F2DE26577C8E002DA3A7 /* KKCircleFriendViewController.m */ = {isa = PBXFileReference; lastKnownFileType = sourcecode.c.objc; path = KKCircleFriendViewController.m; sourceTree = "<group>"; };
		B561F2E326577CC2002DA3A7 /* KKMineViewController.h */ = {isa = PBXFileReference; lastKnownFileType = sourcecode.c.h; path = KKMineViewController.h; sourceTree = "<group>"; };
		B561F2E426577CC2002DA3A7 /* KKMineViewController.m */ = {isa = PBXFileReference; lastKnownFileType = sourcecode.c.objc; path = KKMineViewController.m; sourceTree = "<group>"; };
		B561F2EA265786AD002DA3A7 /* DefineMacro.h */ = {isa = PBXFileReference; fileEncoding = 4; lastKnownFileType = sourcecode.c.h; path = DefineMacro.h; sourceTree = "<group>"; };
		B561F2EB265786CA002DA3A7 /* PrefixHeader.pch */ = {isa = PBXFileReference; lastKnownFileType = sourcecode.c.h; path = PrefixHeader.pch; sourceTree = "<group>"; };
		CFE4218F556BD5DFD2CA024D /* Pods-KkChat.debug.xcconfig */ = {isa = PBXFileReference; includeInIndex = 1; lastKnownFileType = text.xcconfig; name = "Pods-KkChat.debug.xcconfig"; path = "Target Support Files/Pods-KkChat/Pods-KkChat.debug.xcconfig"; sourceTree = "<group>"; };
/* End PBXFileReference section */

/* Begin PBXFrameworksBuildPhase section */
		B561F25026576EEA002DA3A7 /* Frameworks */ = {
			isa = PBXFrameworksBuildPhase;
			buildActionMask = 2147483647;
			files = (
				BD5E614EBBC920A7CB77C622 /* Pods_KkChat.framework in Frameworks */,
			);
			runOnlyForDeploymentPostprocessing = 0;
		};
		B561F26B26576EED002DA3A7 /* Frameworks */ = {
			isa = PBXFrameworksBuildPhase;
			buildActionMask = 2147483647;
			files = (
			);
			runOnlyForDeploymentPostprocessing = 0;
		};
		B561F27626576EED002DA3A7 /* Frameworks */ = {
			isa = PBXFrameworksBuildPhase;
			buildActionMask = 2147483647;
			files = (
			);
			runOnlyForDeploymentPostprocessing = 0;
		};
/* End PBXFrameworksBuildPhase section */

/* Begin PBXGroup section */
		8769F7B8F75390721190926F /* Frameworks */ = {
			isa = PBXGroup;
			children = (
				1C4C52FC0E00E7A83D547B21 /* Pods_KkChat.framework */,
			);
			name = Frameworks;
			sourceTree = "<group>";
		};
		B561F24A26576EEA002DA3A7 = {
			isa = PBXGroup;
			children = (
				B561F25526576EEA002DA3A7 /* KkChat */,
				B561F27126576EED002DA3A7 /* KkChatTests */,
				B561F27C26576EED002DA3A7 /* KkChatUITests */,
				B561F25426576EEA002DA3A7 /* Products */,
				BB1D92394829D6073B2D27A3 /* Pods */,
				8769F7B8F75390721190926F /* Frameworks */,
			);
			sourceTree = "<group>";
		};
		B561F25426576EEA002DA3A7 /* Products */ = {
			isa = PBXGroup;
			children = (
				B561F25326576EEA002DA3A7 /* KkChat.app */,
				B561F26E26576EED002DA3A7 /* KkChatTests.xctest */,
				B561F27926576EED002DA3A7 /* KkChatUITests.xctest */,
			);
			name = Products;
			sourceTree = "<group>";
		};
		B561F25526576EEA002DA3A7 /* KkChat */ = {
			isa = PBXGroup;
			children = (
				B561F29A26577422002DA3A7 /* Classes */,
				B561F2EF2657884C002DA3A7 /* SupportingFiles */,
			);
			path = KkChat;
			sourceTree = "<group>";
		};
		B561F27126576EED002DA3A7 /* KkChatTests */ = {
			isa = PBXGroup;
			children = (
				B561F27226576EED002DA3A7 /* KkChatTests.m */,
				B561F27426576EED002DA3A7 /* Info.plist */,
			);
			path = KkChatTests;
			sourceTree = "<group>";
		};
		B561F27C26576EED002DA3A7 /* KkChatUITests */ = {
			isa = PBXGroup;
			children = (
				B561F27D26576EED002DA3A7 /* KkChatUITests.m */,
				B561F27F26576EED002DA3A7 /* Info.plist */,
			);
			path = KkChatUITests;
			sourceTree = "<group>";
		};
		B561F29A26577422002DA3A7 /* Classes */ = {
			isa = PBXGroup;
			children = (
				B561F2B526577A3F002DA3A7 /* Base */,
				B561F2B626577A49002DA3A7 /* Moduel */,
			);
			path = Classes;
			sourceTree = "<group>";
		};
		B561F29B265775DB002DA3A7 /* Chat(聊天) */ = {
			isa = PBXGroup;
			children = (
				B561F2C426577B51002DA3A7 /* Model */,
				B561F2C326577B4C002DA3A7 /* View */,
				B561F2C226577B42002DA3A7 /* ViewController */,
			);
			path = "Chat(聊天)";
			sourceTree = "<group>";
		};
		B561F29C265775F8002DA3A7 /* Addressbook(通讯录) */ = {
			isa = PBXGroup;
			children = (
				B561F2CB26577B8E002DA3A7 /* Model */,
				B561F2CC26577B8E002DA3A7 /* View */,
				B561F2CD26577B8E002DA3A7 /* ViewController */,
			);
			path = "Addressbook(通讯录)";
			sourceTree = "<group>";
		};
		B561F29D26577624002DA3A7 /* Circleoffriends(朋友圈) */ = {
			isa = PBXGroup;
			children = (
				B561F2C826577B85002DA3A7 /* Model */,
				B561F2C926577B85002DA3A7 /* View */,
				B561F2CA26577B85002DA3A7 /* ViewController */,
			);
			path = "Circleoffriends(朋友圈)";
			sourceTree = "<group>";
		};
		B561F29E2657766C002DA3A7 /* Mine(我的) */ = {
			isa = PBXGroup;
			children = (
				B561F2C526577B7F002DA3A7 /* Model */,
				B561F2C726577B7F002DA3A7 /* View */,
				B561F2C626577B7F002DA3A7 /* ViewController */,
			);
			path = "Mine(我的)";
			sourceTree = "<group>";
		};
		B561F2B526577A3F002DA3A7 /* Base */ = {
			isa = PBXGroup;
			children = (
				B561F2B726577A59002DA3A7 /* Tools */,
				B561F2B826577A63002DA3A7 /* Main */,
			);
			path = Base;
			sourceTree = "<group>";
		};
		B561F2B626577A49002DA3A7 /* Moduel */ = {
			isa = PBXGroup;
			children = (
				B561F29B265775DB002DA3A7 /* Chat(聊天) */,
				B561F29C265775F8002DA3A7 /* Addressbook(通讯录) */,
				B561F29D26577624002DA3A7 /* Circleoffriends(朋友圈) */,
				B561F29E2657766C002DA3A7 /* Mine(我的) */,
			);
			path = Moduel;
			sourceTree = "<group>";
		};
		B561F2B726577A59002DA3A7 /* Tools */ = {
			isa = PBXGroup;
			children = (
				B561F2EA265786AD002DA3A7 /* DefineMacro.h */,
			);
			path = Tools;
			sourceTree = "<group>";
		};
		B561F2B826577A63002DA3A7 /* Main */ = {
			isa = PBXGroup;
			children = (
				B561F30E26579810002DA3A7 /* AppDelegate */,
				B561F2BB26577AA4002DA3A7 /* Model */,
				B561F2BA26577A9F002DA3A7 /* View */,
				B561F2B926577A8D002DA3A7 /* ViewController */,
			);
			path = Main;
			sourceTree = "<group>";
		};
		B561F2B926577A8D002DA3A7 /* ViewController */ = {
			isa = PBXGroup;
			children = (
				B561F2BC26577B37002DA3A7 /* KKDefaultViewController.h */,
				B561F2BD26577B37002DA3A7 /* KKDefaultViewController.m */,
			);
			path = ViewController;
			sourceTree = "<group>";
		};
		B561F2BA26577A9F002DA3A7 /* View */ = {
			isa = PBXGroup;
			children = (
			);
			path = View;
			sourceTree = "<group>";
		};
		B561F2BB26577AA4002DA3A7 /* Model */ = {
			isa = PBXGroup;
			children = (
			);
			path = Model;
			sourceTree = "<group>";
		};
		B561F2C226577B42002DA3A7 /* ViewController */ = {
			isa = PBXGroup;
			children = (
				B561F2D126577C36002DA3A7 /* KKChatViewController.h */,
				B561F2D226577C36002DA3A7 /* KKChatViewController.m */,
			);
			path = ViewController;
			sourceTree = "<group>";
		};
		B561F2C326577B4C002DA3A7 /* View */ = {
			isa = PBXGroup;
			children = (
			);
			path = View;
			sourceTree = "<group>";
		};
		B561F2C426577B51002DA3A7 /* Model */ = {
			isa = PBXGroup;
			children = (
			);
			path = Model;
			sourceTree = "<group>";
		};
		B561F2C526577B7F002DA3A7 /* Model */ = {
			isa = PBXGroup;
			children = (
			);
			path = Model;
			sourceTree = "<group>";
		};
		B561F2C626577B7F002DA3A7 /* ViewController */ = {
			isa = PBXGroup;
			children = (
				B561F2E326577CC2002DA3A7 /* KKMineViewController.h */,
				B561F2E426577CC2002DA3A7 /* KKMineViewController.m */,
			);
			path = ViewController;
			sourceTree = "<group>";
		};
		B561F2C726577B7F002DA3A7 /* View */ = {
			isa = PBXGroup;
			children = (
			);
			path = View;
			sourceTree = "<group>";
		};
		B561F2C826577B85002DA3A7 /* Model */ = {
			isa = PBXGroup;
			children = (
			);
			path = Model;
			sourceTree = "<group>";
		};
		B561F2C926577B85002DA3A7 /* View */ = {
			isa = PBXGroup;
			children = (
			);
			path = View;
			sourceTree = "<group>";
		};
		B561F2CA26577B85002DA3A7 /* ViewController */ = {
			isa = PBXGroup;
			children = (
				B561F2DD26577C8E002DA3A7 /* KKCircleFriendViewController.h */,
				B561F2DE26577C8E002DA3A7 /* KKCircleFriendViewController.m */,
			);
			path = ViewController;
			sourceTree = "<group>";
		};
		B561F2CB26577B8E002DA3A7 /* Model */ = {
			isa = PBXGroup;
			children = (
			);
			path = Model;
			sourceTree = "<group>";
		};
		B561F2CC26577B8E002DA3A7 /* View */ = {
			isa = PBXGroup;
			children = (
			);
			path = View;
			sourceTree = "<group>";
		};
		B561F2CD26577B8E002DA3A7 /* ViewController */ = {
			isa = PBXGroup;
			children = (
				B561F2D726577C5B002DA3A7 /* KKAddressBookViewController.h */,
				B561F2D826577C5B002DA3A7 /* KKAddressBookViewController.m */,
			);
			path = ViewController;
			sourceTree = "<group>";
		};
		B561F2EF2657884C002DA3A7 /* SupportingFiles */ = {
			isa = PBXGroup;
			children = (
				B561F2EB265786CA002DA3A7 /* PrefixHeader.pch */,
				B561F26226576EED002DA3A7 /* Assets.xcassets */,
				B561F26426576EED002DA3A7 /* LaunchScreen.storyboard */,
				B561F26726576EED002DA3A7 /* Info.plist */,
				B561F26826576EED002DA3A7 /* main.m */,
			);
			path = SupportingFiles;
			sourceTree = "<group>";
		};
		B561F30E26579810002DA3A7 /* AppDelegate */ = {
			isa = PBXGroup;
			children = (
				B561F25626576EEA002DA3A7 /* AppDelegate.h */,
				B561F25726576EEA002DA3A7 /* AppDelegate.m */,
			);
			path = AppDelegate;
			sourceTree = "<group>";
		};
		BB1D92394829D6073B2D27A3 /* Pods */ = {
			isa = PBXGroup;
			children = (
				CFE4218F556BD5DFD2CA024D /* Pods-KkChat.debug.xcconfig */,
				A3996A675EBBFC0B470C1A0E /* Pods-KkChat.release.xcconfig */,
			);
			path = Pods;
			sourceTree = "<group>";
		};
/* End PBXGroup section */

/* Begin PBXNativeTarget section */
		B561F25226576EEA002DA3A7 /* KkChat */ = {
			isa = PBXNativeTarget;
			buildConfigurationList = B561F28226576EED002DA3A7 /* Build configuration list for PBXNativeTarget "KkChat" */;
			buildPhases = (
				45EFDF005F2C572AB682EAAC /* [CP] Check Pods Manifest.lock */,
				B561F24F26576EEA002DA3A7 /* Sources */,
				B561F25026576EEA002DA3A7 /* Frameworks */,
				B561F25126576EEA002DA3A7 /* Resources */,
				6E1CF454630C5D8EF68C71A4 /* [CP] Embed Pods Frameworks */,
			);
			buildRules = (
			);
			dependencies = (
			);
			name = KkChat;
			productName = KkChat;
			productReference = B561F25326576EEA002DA3A7 /* KkChat.app */;
			productType = "com.apple.product-type.application";
		};
		B561F26D26576EED002DA3A7 /* KkChatTests */ = {
			isa = PBXNativeTarget;
			buildConfigurationList = B561F28526576EED002DA3A7 /* Build configuration list for PBXNativeTarget "KkChatTests" */;
			buildPhases = (
				B561F26A26576EED002DA3A7 /* Sources */,
				B561F26B26576EED002DA3A7 /* Frameworks */,
				B561F26C26576EED002DA3A7 /* Resources */,
			);
			buildRules = (
			);
			dependencies = (
				B561F27026576EED002DA3A7 /* PBXTargetDependency */,
			);
			name = KkChatTests;
			productName = KkChatTests;
			productReference = B561F26E26576EED002DA3A7 /* KkChatTests.xctest */;
			productType = "com.apple.product-type.bundle.unit-test";
		};
		B561F27826576EED002DA3A7 /* KkChatUITests */ = {
			isa = PBXNativeTarget;
			buildConfigurationList = B561F28826576EED002DA3A7 /* Build configuration list for PBXNativeTarget "KkChatUITests" */;
			buildPhases = (
				B561F27526576EED002DA3A7 /* Sources */,
				B561F27626576EED002DA3A7 /* Frameworks */,
				B561F27726576EED002DA3A7 /* Resources */,
			);
			buildRules = (
			);
			dependencies = (
				B561F27B26576EED002DA3A7 /* PBXTargetDependency */,
			);
			name = KkChatUITests;
			productName = KkChatUITests;
			productReference = B561F27926576EED002DA3A7 /* KkChatUITests.xctest */;
			productType = "com.apple.product-type.bundle.ui-testing";
		};
/* End PBXNativeTarget section */

/* Begin PBXProject section */
		B561F24B26576EEA002DA3A7 /* Project object */ = {
			isa = PBXProject;
			attributes = {
				CLASSPREFIX = KK;
				LastUpgradeCheck = 1210;
				TargetAttributes = {
					B561F25226576EEA002DA3A7 = {
						CreatedOnToolsVersion = 12.1;
					};
					B561F26D26576EED002DA3A7 = {
						CreatedOnToolsVersion = 12.1;
						TestTargetID = B561F25226576EEA002DA3A7;
					};
					B561F27826576EED002DA3A7 = {
						CreatedOnToolsVersion = 12.1;
						TestTargetID = B561F25226576EEA002DA3A7;
					};
				};
			};
			buildConfigurationList = B561F24E26576EEA002DA3A7 /* Build configuration list for PBXProject "KkChat" */;
			compatibilityVersion = "Xcode 9.3";
			developmentRegion = en;
			hasScannedForEncodings = 0;
			knownRegions = (
				en,
				Base,
			);
			mainGroup = B561F24A26576EEA002DA3A7;
			productRefGroup = B561F25426576EEA002DA3A7 /* Products */;
			projectDirPath = "";
			projectRoot = "";
			targets = (
				B561F25226576EEA002DA3A7 /* KkChat */,
				B561F26D26576EED002DA3A7 /* KkChatTests */,
				B561F27826576EED002DA3A7 /* KkChatUITests */,
			);
		};
/* End PBXProject section */

/* Begin PBXResourcesBuildPhase section */
		B561F25126576EEA002DA3A7 /* Resources */ = {
			isa = PBXResourcesBuildPhase;
			buildActionMask = 2147483647;
			files = (
				B561F26626576EED002DA3A7 /* LaunchScreen.storyboard in Resources */,
				B561F26326576EED002DA3A7 /* Assets.xcassets in Resources */,
			);
			runOnlyForDeploymentPostprocessing = 0;
		};
		B561F26C26576EED002DA3A7 /* Resources */ = {
			isa = PBXResourcesBuildPhase;
			buildActionMask = 2147483647;
			files = (
			);
			runOnlyForDeploymentPostprocessing = 0;
		};
		B561F27726576EED002DA3A7 /* Resources */ = {
			isa = PBXResourcesBuildPhase;
			buildActionMask = 2147483647;
			files = (
			);
			runOnlyForDeploymentPostprocessing = 0;
		};
/* End PBXResourcesBuildPhase section */

/* Begin PBXShellScriptBuildPhase section */
		45EFDF005F2C572AB682EAAC /* [CP] Check Pods Manifest.lock */ = {
			isa = PBXShellScriptBuildPhase;
			buildActionMask = 2147483647;
			files = (
			);
			inputFileListPaths = (
			);
			inputPaths = (
				"${PODS_PODFILE_DIR_PATH}/Podfile.lock",
				"${PODS_ROOT}/Manifest.lock",
			);
			name = "[CP] Check Pods Manifest.lock";
			outputFileListPaths = (
			);
			outputPaths = (
				"$(DERIVED_FILE_DIR)/Pods-KkChat-checkManifestLockResult.txt",
			);
			runOnlyForDeploymentPostprocessing = 0;
			shellPath = /bin/sh;
			shellScript = "diff \"${PODS_PODFILE_DIR_PATH}/Podfile.lock\" \"${PODS_ROOT}/Manifest.lock\" > /dev/null\nif [ $? != 0 ] ; then\n    # print error to STDERR\n    echo \"error: The sandbox is not in sync with the Podfile.lock. Run 'pod install' or update your CocoaPods installation.\" >&2\n    exit 1\nfi\n# This output is used by Xcode 'outputs' to avoid re-running this script phase.\necho \"SUCCESS\" > \"${SCRIPT_OUTPUT_FILE_0}\"\n";
			showEnvVarsInLog = 0;
		};
		6E1CF454630C5D8EF68C71A4 /* [CP] Embed Pods Frameworks */ = {
			isa = PBXShellScriptBuildPhase;
			buildActionMask = 2147483647;
			files = (
			);
			inputFileListPaths = (
				"${PODS_ROOT}/Target Support Files/Pods-KkChat/Pods-KkChat-frameworks-${CONFIGURATION}-input-files.xcfilelist",
			);
			name = "[CP] Embed Pods Frameworks";
			outputFileListPaths = (
				"${PODS_ROOT}/Target Support Files/Pods-KkChat/Pods-KkChat-frameworks-${CONFIGURATION}-output-files.xcfilelist",
			);
			runOnlyForDeploymentPostprocessing = 0;
			shellPath = /bin/sh;
			shellScript = "\"${PODS_ROOT}/Target Support Files/Pods-KkChat/Pods-KkChat-frameworks.sh\"\n";
			showEnvVarsInLog = 0;
		};
/* End PBXShellScriptBuildPhase section */

/* Begin PBXSourcesBuildPhase section */
		B561F24F26576EEA002DA3A7 /* Sources */ = {
			isa = PBXSourcesBuildPhase;
			buildActionMask = 2147483647;
			files = (
				B561F2DF26577C8E002DA3A7 /* KKCircleFriendViewController.m in Sources */,
				B561F25826576EEA002DA3A7 /* AppDelegate.m in Sources */,
				B561F2D926577C5B002DA3A7 /* KKAddressBookViewController.m in Sources */,
				B561F26926576EED002DA3A7 /* main.m in Sources */,
				B561F2D326577C36002DA3A7 /* KKChatViewController.m in Sources */,
				B561F2E526577CC2002DA3A7 /* KKMineViewController.m in Sources */,
				B561F2BE26577B37002DA3A7 /* KKDefaultViewController.m in Sources */,
			);
			runOnlyForDeploymentPostprocessing = 0;
		};
		B561F26A26576EED002DA3A7 /* Sources */ = {
			isa = PBXSourcesBuildPhase;
			buildActionMask = 2147483647;
			files = (
				B561F27326576EED002DA3A7 /* KkChatTests.m in Sources */,
			);
			runOnlyForDeploymentPostprocessing = 0;
		};
		B561F27526576EED002DA3A7 /* Sources */ = {
			isa = PBXSourcesBuildPhase;
			buildActionMask = 2147483647;
			files = (
				B561F27E26576EED002DA3A7 /* KkChatUITests.m in Sources */,
			);
			runOnlyForDeploymentPostprocessing = 0;
		};
/* End PBXSourcesBuildPhase section */

/* Begin PBXTargetDependency section */
		B561F27026576EED002DA3A7 /* PBXTargetDependency */ = {
			isa = PBXTargetDependency;
			target = B561F25226576EEA002DA3A7 /* KkChat */;
			targetProxy = B561F26F26576EED002DA3A7 /* PBXContainerItemProxy */;
		};
		B561F27B26576EED002DA3A7 /* PBXTargetDependency */ = {
			isa = PBXTargetDependency;
			target = B561F25226576EEA002DA3A7 /* KkChat */;
			targetProxy = B561F27A26576EED002DA3A7 /* PBXContainerItemProxy */;
		};
/* End PBXTargetDependency section */

/* Begin PBXVariantGroup section */
		B561F26426576EED002DA3A7 /* LaunchScreen.storyboard */ = {
			isa = PBXVariantGroup;
			children = (
				B561F26526576EED002DA3A7 /* Base */,
			);
			name = LaunchScreen.storyboard;
			sourceTree = "<group>";
		};
/* End PBXVariantGroup section */

/* Begin XCBuildConfiguration section */
		B561F28026576EED002DA3A7 /* Debug */ = {
			isa = XCBuildConfiguration;
			buildSettings = {
				ALWAYS_SEARCH_USER_PATHS = NO;
				CLANG_ANALYZER_NONNULL = YES;
				CLANG_ANALYZER_NUMBER_OBJECT_CONVERSION = YES_AGGRESSIVE;
				CLANG_CXX_LANGUAGE_STANDARD = "gnu++14";
				CLANG_CXX_LIBRARY = "libc++";
				CLANG_ENABLE_MODULES = YES;
				CLANG_ENABLE_OBJC_ARC = YES;
				CLANG_ENABLE_OBJC_WEAK = YES;
				CLANG_WARN_BLOCK_CAPTURE_AUTORELEASING = YES;
				CLANG_WARN_BOOL_CONVERSION = YES;
				CLANG_WARN_COMMA = YES;
				CLANG_WARN_CONSTANT_CONVERSION = YES;
				CLANG_WARN_DEPRECATED_OBJC_IMPLEMENTATIONS = YES;
				CLANG_WARN_DIRECT_OBJC_ISA_USAGE = YES_ERROR;
				CLANG_WARN_DOCUMENTATION_COMMENTS = YES;
				CLANG_WARN_EMPTY_BODY = YES;
				CLANG_WARN_ENUM_CONVERSION = YES;
				CLANG_WARN_INFINITE_RECURSION = YES;
				CLANG_WARN_INT_CONVERSION = YES;
				CLANG_WARN_NON_LITERAL_NULL_CONVERSION = YES;
				CLANG_WARN_OBJC_IMPLICIT_RETAIN_SELF = YES;
				CLANG_WARN_OBJC_LITERAL_CONVERSION = YES;
				CLANG_WARN_OBJC_ROOT_CLASS = YES_ERROR;
				CLANG_WARN_QUOTED_INCLUDE_IN_FRAMEWORK_HEADER = YES;
				CLANG_WARN_RANGE_LOOP_ANALYSIS = YES;
				CLANG_WARN_STRICT_PROTOTYPES = YES;
				CLANG_WARN_SUSPICIOUS_MOVE = YES;
				CLANG_WARN_UNGUARDED_AVAILABILITY = YES_AGGRESSIVE;
				CLANG_WARN_UNREACHABLE_CODE = YES;
				CLANG_WARN__DUPLICATE_METHOD_MATCH = YES;
				COPY_PHASE_STRIP = NO;
				DEBUG_INFORMATION_FORMAT = dwarf;
				ENABLE_STRICT_OBJC_MSGSEND = YES;
				ENABLE_TESTABILITY = YES;
				GCC_C_LANGUAGE_STANDARD = gnu11;
				GCC_DYNAMIC_NO_PIC = NO;
				GCC_NO_COMMON_BLOCKS = YES;
				GCC_OPTIMIZATION_LEVEL = 0;
				GCC_PREPROCESSOR_DEFINITIONS = (
					"DEBUG=1",
					"$(inherited)",
				);
				GCC_WARN_64_TO_32_BIT_CONVERSION = YES;
				GCC_WARN_ABOUT_RETURN_TYPE = YES_ERROR;
				GCC_WARN_UNDECLARED_SELECTOR = YES;
				GCC_WARN_UNINITIALIZED_AUTOS = YES_AGGRESSIVE;
				GCC_WARN_UNUSED_FUNCTION = YES;
				GCC_WARN_UNUSED_VARIABLE = YES;
				IPHONEOS_DEPLOYMENT_TARGET = 14.1;
				MTL_ENABLE_DEBUG_INFO = INCLUDE_SOURCE;
				MTL_FAST_MATH = YES;
				ONLY_ACTIVE_ARCH = YES;
				SDKROOT = iphoneos;
			};
			name = Debug;
		};
		B561F28126576EED002DA3A7 /* Release */ = {
			isa = XCBuildConfiguration;
			buildSettings = {
				ALWAYS_SEARCH_USER_PATHS = NO;
				CLANG_ANALYZER_NONNULL = YES;
				CLANG_ANALYZER_NUMBER_OBJECT_CONVERSION = YES_AGGRESSIVE;
				CLANG_CXX_LANGUAGE_STANDARD = "gnu++14";
				CLANG_CXX_LIBRARY = "libc++";
				CLANG_ENABLE_MODULES = YES;
				CLANG_ENABLE_OBJC_ARC = YES;
				CLANG_ENABLE_OBJC_WEAK = YES;
				CLANG_WARN_BLOCK_CAPTURE_AUTORELEASING = YES;
				CLANG_WARN_BOOL_CONVERSION = YES;
				CLANG_WARN_COMMA = YES;
				CLANG_WARN_CONSTANT_CONVERSION = YES;
				CLANG_WARN_DEPRECATED_OBJC_IMPLEMENTATIONS = YES;
				CLANG_WARN_DIRECT_OBJC_ISA_USAGE = YES_ERROR;
				CLANG_WARN_DOCUMENTATION_COMMENTS = YES;
				CLANG_WARN_EMPTY_BODY = YES;
				CLANG_WARN_ENUM_CONVERSION = YES;
				CLANG_WARN_INFINITE_RECURSION = YES;
				CLANG_WARN_INT_CONVERSION = YES;
				CLANG_WARN_NON_LITERAL_NULL_CONVERSION = YES;
				CLANG_WARN_OBJC_IMPLICIT_RETAIN_SELF = YES;
				CLANG_WARN_OBJC_LITERAL_CONVERSION = YES;
				CLANG_WARN_OBJC_ROOT_CLASS = YES_ERROR;
				CLANG_WARN_QUOTED_INCLUDE_IN_FRAMEWORK_HEADER = YES;
				CLANG_WARN_RANGE_LOOP_ANALYSIS = YES;
				CLANG_WARN_STRICT_PROTOTYPES = YES;
				CLANG_WARN_SUSPICIOUS_MOVE = YES;
				CLANG_WARN_UNGUARDED_AVAILABILITY = YES_AGGRESSIVE;
				CLANG_WARN_UNREACHABLE_CODE = YES;
				CLANG_WARN__DUPLICATE_METHOD_MATCH = YES;
				COPY_PHASE_STRIP = NO;
				DEBUG_INFORMATION_FORMAT = "dwarf-with-dsym";
				ENABLE_NS_ASSERTIONS = NO;
				ENABLE_STRICT_OBJC_MSGSEND = YES;
				GCC_C_LANGUAGE_STANDARD = gnu11;
				GCC_NO_COMMON_BLOCKS = YES;
				GCC_WARN_64_TO_32_BIT_CONVERSION = YES;
				GCC_WARN_ABOUT_RETURN_TYPE = YES_ERROR;
				GCC_WARN_UNDECLARED_SELECTOR = YES;
				GCC_WARN_UNINITIALIZED_AUTOS = YES_AGGRESSIVE;
				GCC_WARN_UNUSED_FUNCTION = YES;
				GCC_WARN_UNUSED_VARIABLE = YES;
				IPHONEOS_DEPLOYMENT_TARGET = 14.1;
				MTL_ENABLE_DEBUG_INFO = NO;
				MTL_FAST_MATH = YES;
				SDKROOT = iphoneos;
				VALIDATE_PRODUCT = YES;
			};
			name = Release;
		};
		B561F28326576EED002DA3A7 /* Debug */ = {
			isa = XCBuildConfiguration;
			baseConfigurationReference = CFE4218F556BD5DFD2CA024D /* Pods-KkChat.debug.xcconfig */;
			buildSettings = {
				ASSETCATALOG_COMPILER_APPICON_NAME = AppIcon;
				ASSETCATALOG_COMPILER_GLOBAL_ACCENT_COLOR_NAME = AccentColor;
				CODE_SIGN_STYLE = Automatic;
				DEVELOPMENT_TEAM = 8LSL37D46J;
				GCC_PRECOMPILE_PREFIX_HEADER = YES;
				GCC_PREFIX_HEADER = "$(SRCROOT)/KkChat/SupportingFiles/PrefixHeader.pch";
				INFOPLIST_FILE = KkChat/SupportingFiles/Info.plist;
				IPHONEOS_DEPLOYMENT_TARGET = 12.0;
				LD_RUNPATH_SEARCH_PATHS = (
					"$(inherited)",
					"@executable_path/Frameworks",
				);
				MARKETING_VERSION = 1.0.0;
				PRODUCT_BUNDLE_IDENTIFIER = com.KkChat.ios.free.KkChat;
				PRODUCT_NAME = "$(TARGET_NAME)";
				TARGETED_DEVICE_FAMILY = "1,2";
			};
			name = Debug;
		};
		B561F28426576EED002DA3A7 /* Release */ = {
			isa = XCBuildConfiguration;
			baseConfigurationReference = A3996A675EBBFC0B470C1A0E /* Pods-KkChat.release.xcconfig */;
			buildSettings = {
				ASSETCATALOG_COMPILER_APPICON_NAME = AppIcon;
				ASSETCATALOG_COMPILER_GLOBAL_ACCENT_COLOR_NAME = AccentColor;
				CODE_SIGN_STYLE = Automatic;
				DEVELOPMENT_TEAM = 8LSL37D46J;
				GCC_PRECOMPILE_PREFIX_HEADER = YES;
				GCC_PREFIX_HEADER = "$(SRCROOT)/KkChat/SupportingFiles/PrefixHeader.pch";
				INFOPLIST_FILE = KkChat/SupportingFiles/Info.plist;
				IPHONEOS_DEPLOYMENT_TARGET = 12.0;
				LD_RUNPATH_SEARCH_PATHS = (
					"$(inherited)",
					"@executable_path/Frameworks",
				);
				MARKETING_VERSION = 1.0.0;
				PRODUCT_BUNDLE_IDENTIFIER = com.KkChat.ios.free.KkChat;
				PRODUCT_NAME = "$(TARGET_NAME)";
				TARGETED_DEVICE_FAMILY = "1,2";
			};
			name = Release;
		};
		B561F28626576EED002DA3A7 /* Debug */ = {
			isa = XCBuildConfiguration;
			buildSettings = {
				BUNDLE_LOADER = "$(TEST_HOST)";
				CODE_SIGN_STYLE = Automatic;
				DEVELOPMENT_TEAM = 8LSL37D46J;
				INFOPLIST_FILE = KkChatTests/Info.plist;
				IPHONEOS_DEPLOYMENT_TARGET = 14.1;
				LD_RUNPATH_SEARCH_PATHS = (
					"$(inherited)",
					"@executable_path/Frameworks",
					"@loader_path/Frameworks",
				);
				PRODUCT_BUNDLE_IDENTIFIER = com.KkChat.ios.free.KkChatTests;
				PRODUCT_NAME = "$(TARGET_NAME)";
				TARGETED_DEVICE_FAMILY = "1,2";
				TEST_HOST = "$(BUILT_PRODUCTS_DIR)/KkChat.app/KkChat";
			};
			name = Debug;
		};
		B561F28726576EED002DA3A7 /* Release */ = {
			isa = XCBuildConfiguration;
			buildSettings = {
				BUNDLE_LOADER = "$(TEST_HOST)";
				CODE_SIGN_STYLE = Automatic;
				DEVELOPMENT_TEAM = 8LSL37D46J;
				INFOPLIST_FILE = KkChatTests/Info.plist;
				IPHONEOS_DEPLOYMENT_TARGET = 14.1;
				LD_RUNPATH_SEARCH_PATHS = (
					"$(inherited)",
					"@executable_path/Frameworks",
					"@loader_path/Frameworks",
				);
				PRODUCT_BUNDLE_IDENTIFIER = com.KkChat.ios.free.KkChatTests;
				PRODUCT_NAME = "$(TARGET_NAME)";
				TARGETED_DEVICE_FAMILY = "1,2";
				TEST_HOST = "$(BUILT_PRODUCTS_DIR)/KkChat.app/KkChat";
			};
			name = Release;
		};
		B561F28926576EED002DA3A7 /* Debug */ = {
			isa = XCBuildConfiguration;
			buildSettings = {
				CODE_SIGN_STYLE = Automatic;
				DEVELOPMENT_TEAM = 8LSL37D46J;
				INFOPLIST_FILE = KkChatUITests/Info.plist;
				LD_RUNPATH_SEARCH_PATHS = (
					"$(inherited)",
					"@executable_path/Frameworks",
					"@loader_path/Frameworks",
				);
				PRODUCT_BUNDLE_IDENTIFIER = com.KkChat.ios.free.KkChatUITests;
				PRODUCT_NAME = "$(TARGET_NAME)";
				TARGETED_DEVICE_FAMILY = "1,2";
				TEST_TARGET_NAME = KkChat;
			};
			name = Debug;
		};
		B561F28A26576EED002DA3A7 /* Release */ = {
			isa = XCBuildConfiguration;
			buildSettings = {
				CODE_SIGN_STYLE = Automatic;
				DEVELOPMENT_TEAM = 8LSL37D46J;
				INFOPLIST_FILE = KkChatUITests/Info.plist;
				LD_RUNPATH_SEARCH_PATHS = (
					"$(inherited)",
					"@executable_path/Frameworks",
					"@loader_path/Frameworks",
				);
				PRODUCT_BUNDLE_IDENTIFIER = com.KkChat.ios.free.KkChatUITests;
				PRODUCT_NAME = "$(TARGET_NAME)";
				TARGETED_DEVICE_FAMILY = "1,2";
				TEST_TARGET_NAME = KkChat;
			};
			name = Release;
		};
/* End XCBuildConfiguration section */

/* Begin XCConfigurationList section */
		B561F24E26576EEA002DA3A7 /* Build configuration list for PBXProject "KkChat" */ = {
			isa = XCConfigurationList;
			buildConfigurations = (
				B561F28026576EED002DA3A7 /* Debug */,
				B561F28126576EED002DA3A7 /* Release */,
			);
			defaultConfigurationIsVisible = 0;
			defaultConfigurationName = Release;
		};
		B561F28226576EED002DA3A7 /* Build configuration list for PBXNativeTarget "KkChat" */ = {
			isa = XCConfigurationList;
			buildConfigurations = (
				B561F28326576EED002DA3A7 /* Debug */,
				B561F28426576EED002DA3A7 /* Release */,
			);
			defaultConfigurationIsVisible = 0;
			defaultConfigurationName = Release;
		};
		B561F28526576EED002DA3A7 /* Build configuration list for PBXNativeTarget "KkChatTests" */ = {
			isa = XCConfigurationList;
			buildConfigurations = (
				B561F28626576EED002DA3A7 /* Debug */,
				B561F28726576EED002DA3A7 /* Release */,
			);
			defaultConfigurationIsVisible = 0;
			defaultConfigurationName = Release;
		};
		B561F28826576EED002DA3A7 /* Build configuration list for PBXNativeTarget "KkChatUITests" */ = {
			isa = XCConfigurationList;
			buildConfigurations = (
				B561F28926576EED002DA3A7 /* Debug */,
				B561F28A26576EED002DA3A7 /* Release */,
			);
			defaultConfigurationIsVisible = 0;
			defaultConfigurationName = Release;
		};
/* End XCConfigurationList section */
	};
	rootObject = B561F24B26576EEA002DA3A7 /* Project object */;
}
